
Microsoft Visual Studio Solution File, Format Version 12.00
# Visual Studio 15
VisualStudioVersion = 15.0.28307.852
MinimumVisualStudioVersion = 10.0.40219.1
Project("{FAE04EC0-301F-11D3-BF4B-00C04F79EFBC}") = "Monorail.Engine", "Monorail.Engine\Monorail.Engine.csproj", "{0128094D-CC14-4118-BABE-5B897421FD76}"
EndProject
Project("{8BC9CEB8-8B4A-11D0-8D11-00A0C91BC942}") = "Monorail.Native.Graphics", "Monorail.Native.Graphics\Monorail.Native.Graphics.vcxproj", "{4DE46A69-1B71-47F7-9E76-3A8D1DC758AC}"
EndProject
Project("{FAE04EC0-301F-11D3-BF4B-00C04F79EFBC}") = "Monorail.GossipScript", "Monorail.GossipScript\GossipScript\Monorail.GossipScript.csproj", "{BA58CDBA-6E70-42CD-9747-84BB8744D77C}"
EndProject
Project("{FAE04EC0-301F-11D3-BF4B-00C04F79EFBC}") = "Game", "Game\Game.csproj", "{E7ACD36B-2689-401F-9AFC-4ADA3575A72D}"
EndProject
Project("{FAE04EC0-301F-11D3-BF4B-00C04F79EFBC}") = "Monorail.GossipScript.Test", "Monorail.GossipScript.Test\Monorail.GossipScript.Test.csproj", "{C45CB8AB-2ED4-4590-8EEA-A266AA8D23BD}"
EndProject
Global
	GlobalSection(SolutionConfigurationPlatforms) = preSolution
		Debug|Any CPU = Debug|Any CPU
		Debug|x64 = Debug|x64
		Debug|x86 = Debug|x86
		Release|Any CPU = Release|Any CPU
		Release|x64 = Release|x64
		Release|x86 = Release|x86
	EndGlobalSection
	GlobalSection(ProjectConfigurationPlatforms) = postSolution
		{0128094D-CC14-4118-BABE-5B897421FD76}.Debug|Any CPU.ActiveCfg = Debug|Any CPU
		{0128094D-CC14-4118-BABE-5B897421FD76}.Debug|Any CPU.Build.0 = Debug|Any CPU
		{0128094D-CC14-4118-BABE-5B897421FD76}.Debug|x64.ActiveCfg = Debug|Any CPU
		{0128094D-CC14-4118-BABE-5B897421FD76}.Debug|x64.Build.0 = Debug|Any CPU
		{0128094D-CC14-4118-BABE-5B897421FD76}.Debug|x86.ActiveCfg = Debug|Any CPU
		{0128094D-CC14-4118-BABE-5B897421FD76}.Debug|x86.Build.0 = Debug|Any CPU
		{0128094D-CC14-4118-BABE-5B897421FD76}.Release|Any CPU.ActiveCfg = Release|Any CPU
		{0128094D-CC14-4118-BABE-5B897421FD76}.Release|Any CPU.Build.0 = Release|Any CPU
		{0128094D-CC14-4118-BABE-5B897421FD76}.Release|x64.ActiveCfg = Release|Any CPU
		{0128094D-CC14-4118-BABE-5B897421FD76}.Release|x64.Build.0 = Release|Any CPU
		{0128094D-CC14-4118-BABE-5B897421FD76}.Release|x86.ActiveCfg = Release|Any CPU
		{0128094D-CC14-4118-BABE-5B897421FD76}.Release|x86.Build.0 = Release|Any CPU
		{4DE46A69-1B71-47F7-9E76-3A8D1DC758AC}.Debug|Any CPU.ActiveCfg = Debug|Win32
		{4DE46A69-1B71-47F7-9E76-3A8D1DC758AC}.Debug|x64.ActiveCfg = Debug|x64
		{4DE46A69-1B71-47F7-9E76-3A8D1DC758AC}.Debug|x64.Build.0 = Debug|x64
		{4DE46A69-1B71-47F7-9E76-3A8D1DC758AC}.Debug|x86.ActiveCfg = Debug|Win32
		{4DE46A69-1B71-47F7-9E76-3A8D1DC758AC}.Debug|x86.Build.0 = Debug|Win32
		{4DE46A69-1B71-47F7-9E76-3A8D1DC758AC}.Release|Any CPU.ActiveCfg = Release|Win32
		{4DE46A69-1B71-47F7-9E76-3A8D1DC758AC}.Release|x64.ActiveCfg = Release|x64
		{4DE46A69-1B71-47F7-9E76-3A8D1DC758AC}.Release|x64.Build.0 = Release|x64
		{4DE46A69-1B71-47F7-9E76-3A8D1DC758AC}.Release|x86.ActiveCfg = Release|Win32
		{4DE46A69-1B71-47F7-9E76-3A8D1DC758AC}.Release|x86.Build.0 = Release|Win32
		{BA58CDBA-6E70-42CD-9747-84BB8744D77C}.Debug|Any CPU.ActiveCfg = Debug|Any CPU
		{BA58CDBA-6E70-42CD-9747-84BB8744D77C}.Debug|Any CPU.Build.0 = Debug|Any CPU
		{BA58CDBA-6E70-42CD-9747-84BB8744D77C}.Debug|x64.ActiveCfg = Debug|Any CPU
		{BA58CDBA-6E70-42CD-9747-84BB8744D77C}.Debug|x64.Build.0 = Debug|Any CPU
		{BA58CDBA-6E70-42CD-9747-84BB8744D77C}.Debug|x86.ActiveCfg = Debug|Any CPU
		{BA58CDBA-6E70-42CD-9747-84BB8744D77C}.Debug|x86.Build.0 = Debug|Any CPU
		{BA58CDBA-6E70-42CD-9747-84BB8744D77C}.Release|Any CPU.ActiveCfg = Release|Any CPU
		{BA58CDBA-6E70-42CD-9747-84BB8744D77C}.Release|Any CPU.Build.0 = Release|Any CPU
		{BA58CDBA-6E70-42CD-9747-84BB8744D77C}.Release|x64.ActiveCfg = Release|Any CPU
		{BA58CDBA-6E70-42CD-9747-84BB8744D77C}.Release|x64.Build.0 = Release|Any CPU
		{BA58CDBA-6E70-42CD-9747-84BB8744D77C}.Release|x86.ActiveCfg = Release|Any CPU
		{BA58CDBA-6E70-42CD-9747-84BB8744D77C}.Release|x86.Build.0 = Release|Any CPU
		{E7ACD36B-2689-401F-9AFC-4ADA3575A72D}.Debug|Any CPU.ActiveCfg = Debug|Any CPU
		{E7ACD36B-2689-401F-9AFC-4ADA3575A72D}.Debug|Any CPU.Build.0 = Debug|Any CPU
		{E7ACD36B-2689-401F-9AFC-4ADA3575A72D}.Debug|x64.ActiveCfg = Debug|Any CPU
		{E7ACD36B-2689-401F-9AFC-4ADA3575A72D}.Debug|x64.Build.0 = Debug|Any CPU
		{E7ACD36B-2689-401F-9AFC-4ADA3575A72D}.Debug|x86.ActiveCfg = Debug|Any CPU
		{E7ACD36B-2689-401F-9AFC-4ADA3575A72D}.Debug|x86.Build.0 = Debug|Any CPU
		{E7ACD36B-2689-401F-9AFC-4ADA3575A72D}.Release|Any CPU.ActiveCfg = Release|Any CPU
		{E7ACD36B-2689-401F-9AFC-4ADA3575A72D}.Release|Any CPU.Build.0 = Release|Any CPU
		{E7ACD36B-2689-401F-9AFC-4ADA3575A72D}.Release|x64.ActiveCfg = Release|Any CPU
		{E7ACD36B-2689-401F-9AFC-4ADA3575A72D}.Release|x64.Build.0 = Release|Any CPU
		{E7ACD36B-2689-401F-9AFC-4ADA3575A72D}.Release|x86.ActiveCfg = Release|Any CPU
		{E7ACD36B-2689-401F-9AFC-4ADA3575A72D}.Release|x86.Build.0 = Release|Any CPU
		{C45CB8AB-2ED4-4590-8EEA-A266AA8D23BD}.Debug|Any CPU.ActiveCfg = Debug|Any CPU
		{C45CB8AB-2ED4-4590-8EEA-A266AA8D23BD}.Debug|Any CPU.Build.0 = Debug|Any CPU
		{C45CB8AB-2ED4-4590-8EEA-A266AA8D23BD}.Debug|x64.ActiveCfg = Debug|Any CPU
		{C45CB8AB-2ED4-4590-8EEA-A266AA8D23BD}.Debug|x64.Build.0 = Debug|Any CPU
		{C45CB8AB-2ED4-4590-8EEA-A266AA8D23BD}.Debug|x86.ActiveCfg = Debug|Any CPU
		{C45CB8AB-2ED4-4590-8EEA-A266AA8D23BD}.Debug|x86.Build.0 = Debug|Any CPU
		{C45CB8AB-2ED4-4590-8EEA-A266AA8D23BD}.Release|Any CPU.ActiveCfg = Release|Any CPU
		{C45CB8AB-2ED4-4590-8EEA-A266AA8D23BD}.Release|Any CPU.Build.0 = Release|Any CPU
		{C45CB8AB-2ED4-4590-8EEA-A266AA8D23BD}.Release|x64.ActiveCfg = Release|Any CPU
		{C45CB8AB-2ED4-4590-8EEA-A266AA8D23BD}.Release|x64.Build.0 = Release|Any CPU
		{C45CB8AB-2ED4-4590-8EEA-A266AA8D23BD}.Release|x86.ActiveCfg = Release|Any CPU
		{C45CB8AB-2ED4-4590-8EEA-A266AA8D23BD}.Release|x86.Build.0 = Release|Any CPU
	EndGlobalSection
	GlobalSection(SolutionProperties) = preSolution
		HideSolutionNode = FALSE
	EndGlobalSection
	GlobalSection(ExtensibilityGlobals) = postSolution
		SolutionGuid = {F8D546A0-EEAD-4237-99A7-1305A6D19516}
	EndGlobalSection
EndGlobal
